// !$*UTF8*$!
{
	archiveVersion = 1;
	classes = {
	};
	objectVersion = 50;
	objects = {

/* Begin PBXBuildFile section */
		94C5F3EF22BD247800E6C823 /* AppDelegate.swift in Sources */ = {isa = PBXBuildFile; fileRef = 94C5F3EE22BD247800E6C823 /* AppDelegate.swift */; };
		94C5F3F122BD247800E6C823 /* art.scnassets in Resources */ = {isa = PBXBuildFile; fileRef = 94C5F3F022BD247800E6C823 /* art.scnassets */; };
		94C5F3F322BD247800E6C823 /* ViewController.swift in Sources */ = {isa = PBXBuildFile; fileRef = 94C5F3F222BD247800E6C823 /* ViewController.swift */; };
		94C5F3F622BD247800E6C823 /* Main.storyboard in Resources */ = {isa = PBXBuildFile; fileRef = 94C5F3F422BD247800E6C823 /* Main.storyboard */; };
		94C5F3F822BD247B00E6C823 /* Assets.xcassets in Resources */ = {isa = PBXBuildFile; fileRef = 94C5F3F722BD247B00E6C823 /* Assets.xcassets */; };
		94C5F3FB22BD247B00E6C823 /* LaunchScreen.storyboard in Resources */ = {isa = PBXBuildFile; fileRef = 94C5F3F922BD247B00E6C823 /* LaunchScreen.storyboard */; };
/* End PBXBuildFile section */

/* Begin PBXFileReference section */
		94C5F3EB22BD247800E6C823 /* AR Scale.app */ = {isa = PBXFileReference; explicitFileType = wrapper.application; includeInIndex = 0; path = "AR Scale.app"; sourceTree = BUILT_PRODUCTS_DIR; };
		94C5F3EE22BD247800E6C823 /* AppDelegate.swift */ = {isa = PBXFileReference; lastKnownFileType = sourcecode.swift; path = AppDelegate.swift; sourceTree = "<group>"; };
		94C5F3F022BD247800E6C823 /* art.scnassets */ = {isa = PBXFileReference; lastKnownFileType = wrapper.scnassets; path = art.scnassets; sourceTree = "<group>"; };
		94C5F3F222BD247800E6C823 /* ViewController.swift */ = {isa = PBXFileReference; lastKnownFileType = sourcecode.swift; path = ViewController.swift; sourceTree = "<group>"; };
		94C5F3F522BD247800E6C823 /* Base */ = {isa = PBXFileReference; lastKnownFileType = file.storyboard; name = Base; path = Base.lproj/Main.storyboard; sourceTree = "<group>"; };
		94C5F3F722BD247B00E6C823 /* Assets.xcassets */ = {isa = PBXFileReference; lastKnownFileType = folder.assetcatalog; path = Assets.xcassets; sourceTree = "<group>"; };
		94C5F3FA22BD247B00E6C823 /* Base */ = {isa = PBXFileReference; lastKnownFileType = file.storyboard; name = Base; path = Base.lproj/LaunchScreen.storyboard; sourceTree = "<group>"; };
		94C5F3FC22BD247B00E6C823 /* Info.plist */ = {isa = PBXFileReference; lastKnownFileType = text.plist.xml; path = Info.plist; sourceTree = "<group>"; };
/* End PBXFileReference section */

/* Begin PBXFrameworksBuildPhase section */
		94C5F3E822BD247800E6C823 /* Frameworks */ = {
			isa = PBXFrameworksBuildPhase;
			buildActionMask = 2147483647;
			files = (
			);
			runOnlyForDeploymentPostprocessing = 0;
		};
/* End PBXFrameworksBuildPhase section */

/* Begin PBXGroup section */
		94C5F3E222BD247800E6C823 = {
			isa = PBXGroup;
			children = (
				94C5F3ED22BD247800E6C823 /* AR Scale */,
				94C5F3EC22BD247800E6C823 /* Products */,
			);
			sourceTree = "<group>";
		};
		94C5F3EC22BD247800E6C823 /* Products */ = {
			isa = PBXGroup;
			children = (
				94C5F3EB22BD247800E6C823 /* AR Scale.app */,
			);
			name = Products;
			sourceTree = "<group>";
		};
		94C5F3ED22BD247800E6C823 /* AR Scale */ = {
			isa = PBXGroup;
			children = (
				94C5F3EE22BD247800E6C823 /* AppDelegate.swift */,
				94C5F3F222BD247800E6C823 /* ViewController.swift */,
				94C5F3F422BD247800E6C823 /* Main.storyboard */,
				94C5F3F022BD247800E6C823 /* art.scnassets */,
				94C5F3F722BD247B00E6C823 /* Assets.xcassets */,
				94C5F3F922BD247B00E6C823 /* LaunchScreen.storyboard */,
				94C5F3FC22BD247B00E6C823 /* Info.plist */,
			);
			path = "AR Scale";
			sourceTree = "<group>";
		};
/* End PBXGroup section */

/* Begin PBXNativeTarget section */
		94C5F3EA22BD247800E6C823 /* AR Scale */ = {
			isa = PBXNativeTarget;
			buildConfigurationList = 94C5F3FF22BD247B00E6C823 /* Build configuration list for PBXNativeTarget "AR Scale" */;
			buildPhases = (
				94C5F3E722BD247800E6C823 /* Sources */,
				94C5F3E822BD247800E6C823 /* Frameworks */,
				94C5F3E922BD247800E6C823 /* Resources */,
			);
			buildRules = (
			);
			dependencies = (
			);
			name = "AR Scale";
			productName = "AR Scale";
			productReference = 94C5F3EB22BD247800E6C823 /* AR Scale.app */;
			productType = "com.apple.product-type.application";
		};
/* End PBXNativeTarget section */

/* Begin PBXProject section */
		94C5F3E322BD247800E6C823 /* Project object */ = {
			isa = PBXProject;
			attributes = {
				LastSwiftUpdateCheck = 0940;
				LastUpgradeCheck = 0940;
				ORGANIZATIONNAME = "Fiza Rasool";
				TargetAttributes = {
					94C5F3EA22BD247800E6C823 = {
						CreatedOnToolsVersion = 9.4.1;
					};
				};
			};
			buildConfigurationList = 94C5F3E622BD247800E6C823 /* Build configuration list for PBXProject "AR Scale" */;
			compatibilityVersion = "Xcode 9.3";
			developmentRegion = en;
			hasScannedForEncodings = 0;
			knownRegions = (
				en,
				Base,
			);
			mainGroup = 94C5F3E222BD247800E6C823;
			productRefGroup = 94C5F3EC22BD247800E6C823 /* Products */;
			projectDirPath = "";
			projectRoot = "";
			targets = (
				94C5F3EA22BD247800E6C823 /* AR Scale */,
			);
		};
/* End PBXProject section */

/* Begin PBXResourcesBuildPhase section */
		94C5F3E922BD247800E6C823 /* Resources */ = {
			isa = PBXResourcesBuildPhase;
			buildActionMask = 2147483647;
			files = (
				94C5F3F122BD247800E6C823 /* art.scnassets in Resources */,
				94C5F3FB22BD247B00E6C823 /* LaunchScreen.storyboard in Resources */,
				94C5F3F822BD247B00E6C823 /* Assets.xcassets in Resources */,
				94C5F3F622BD247800E6C823 /* Main.storyboard in Resources */,
			);
			runOnlyForDeploymentPostprocessing = 0;
		};
/* End PBXResourcesBuildPhase section */

/* Begin PBXSourcesBuildPhase section */
		94C5F3E722BD247800E6C823 /* Sources */ = {
			isa = PBXSourcesBuildPhase;
			buildActionMask = 2147483647;
			files = (
				94C5F3F322BD247800E6C823 /* ViewController.swift in Sources */,
				94C5F3EF22BD247800E6C823 /* AppDelegate.swift in Sources */,
			);
			runOnlyForDeploymentPostprocessing = 0;
		};
/* End PBXSourcesBuildPhase section */

/* Begin PBXVariantGroup section */
		94C5F3F422BD247800E6C823 /* Main.storyboard */ = {
			isa = PBXVariantGroup;
			children = (
				94C5F3F522BD247800E6C823 /* Base */,
			);
			name = Main.storyboard;
			sourceTree = "<group>";
		};
		94C5F3F922BD247B00E6C823 /* LaunchScreen.storyboard */ = {
			isa = PBXVariantGroup;
			children = (
				94C5F3FA22BD247B00E6C823 /* Base */,
			);
			name = LaunchScreen.storyboard;
			sourceTree = "<group>";
		};
/* End PBXVariantGroup section */

/* Begin XCBuildConfiguration section */
		94C5F3FD22BD247B00E6C823 /* Debug */ = {
			isa = XCBuildConfiguration;
			buildSettings = {
				ALWAYS_SEARCH_USER_PATHS = NO;
				CLANG_ANALYZER_NONNULL = YES;
				CLANG_ANALYZER_NUMBER_OBJECT_CONVERSION = YES_AGGRESSIVE;
				CLANG_CXX_LANGUAGE_STANDARD = "gnu++14";
				CLANG_CXX_LIBRARY = "libc++";
				CLANG_ENABLE_MODULES = YES;
				CLANG_ENABLE_OBJC_ARC = YES;
				CLANG_ENABLE_OBJC_WEAK = YES;
				CLANG_WARN_BLOCK_CAPTURE_AUTORELEASING = YES;
				CLANG_WARN_BOOL_CONVERSION = YES;
				CLANG_WARN_COMMA = YES;
				CLANG_WARN_CONSTANT_CONVERSION = YES;
				CLANG_WARN_DEPRECATED_OBJC_IMPLEMENTATIONS = YES;
				CLANG_WARN_DIRECT_OBJC_ISA_USAGE = YES_ERROR;
				CLANG_WARN_DOCUMENTATION_COMMENTS = YES;
				CLANG_WARN_EMPTY_BODY = YES;
				CLANG_WARN_ENUM_CONVERSION = YES;
				CLANG_WARN_INFINITE_RECURSION = YES;
				CLANG_WARN_INT_CONVERSION = YES;
				CLANG_WARN_NON_LITERAL_NULL_CONVERSION = YES;
				CLANG_WARN_OBJC_IMPLICIT_RETAIN_SELF = YES;
				CLANG_WARN_OBJC_LITERAL_CONVERSION = YES;
				CLANG_WARN_OBJC_ROOT_CLASS = YES_ERROR;
				CLANG_WARN_RANGE_LOOP_ANALYSIS = YES;
				CLANG_WARN_STRICT_PROTOTYPES = YES;
				CLANG_WARN_SUSPICIOUS_MOVE = YES;
				CLANG_WARN_UNGUARDED_AVAILABILITY = YES_AGGRESSIVE;
				CLANG_WARN_UNREACHABLE_CODE = YES;
				CLANG_WARN__DUPLICATE_METHOD_MATCH = YES;
				CODE_SIGN_IDENTITY = "iPhone Developer";
				COPY_PHASE_STRIP = NO;
				DEBUG_INFORMATION_FORMAT = dwarf;
				ENABLE_STRICT_OBJC_MSGSEND = YES;
				ENABLE_TESTABILITY = YES;
				GCC_C_LANGUAGE_STANDARD = gnu11;
				GCC_DYNAMIC_NO_PIC = NO;
				GCC_NO_COMMON_BLOCKS = YES;
				GCC_OPTIMIZATION_LEVEL = 0;
				GCC_PREPROCESSOR_DEFINITIONS = (
					"DEBUG=1",
					"$(inherited)",
				);
				GCC_WARN_64_TO_32_BIT_CONVERSION = YES;
				GCC_WARN_ABOUT_RETURN_TYPE = YES_ERROR;
				GCC_WARN_UNDECLARED_SELECTOR = YES;
				GCC_WARN_UNINITIALIZED_AUTOS = YES_AGGRESSIVE;
				GCC_WARN_UNUSED_FUNCTION = YES;
				GCC_WARN_UNUSED_VARIABLE = YES;
				IPHONEOS_DEPLOYMENT_TARGET = 11.4;
				MTL_ENABLE_DEBUG_INFO = YES;
				ONLY_ACTIVE_ARCH = YES;
				SDKROOT = iphoneos;
				SWIFT_ACTIVE_COMPILATION_CONDITIONS = DEBUG;
				SWIFT_OPTIMIZATION_LEVEL = "-Onone";
			};
			name = Debug;
		};
		94C5F3FE22BD247B00E6C823 /* Release */ = {
			isa = XCBuildConfiguration;
			buildSettings = {
				ALWAYS_SEARCH_USER_PATHS = NO;
				CLANG_ANALYZER_NONNULL = YES;
				CLANG_ANALYZER_NUMBER_OBJECT_CONVERSION = YES_AGGRESSIVE;
				CLANG_CXX_LANGUAGE_STANDARD = "gnu++14";
				CLANG_CXX_LIBRARY = "libc++";
				CLANG_ENABLE_MODULES = YES;
				CLANG_ENABLE_OBJC_ARC = YES;
				CLANG_ENABLE_OBJC_WEAK = YES;
				CLANG_WARN_BLOCK_CAPTURE_AUTORELEASING = YES;
				CLANG_WARN_BOOL_CONVERSION = YES;
				CLANG_WARN_COMMA = YES;
				CLANG_WARN_CONSTANT_CONVERSION = YES;
				CLANG_WARN_DEPRECATED_OBJC_IMPLEMENTATIONS = YES;
				CLANG_WARN_DIRECT_OBJC_ISA_USAGE = YES_ERROR;
				CLANG_WARN_DOCUMENTATION_COMMENTS = YES;
				CLANG_WARN_EMPTY_BODY = YES;
				CLANG_WARN_ENUM_CONVERSION = YES;
				CLANG_WARN_INFINITE_RECURSION = YES;
				CLANG_WARN_INT_CONVERSION = YES;
				CLANG_WARN_NON_LITERAL_NULL_CONVERSION = YES;
				CLANG_WARN_OBJC_IMPLICIT_RETAIN_SELF = YES;
				CLANG_WARN_OBJC_LITERAL_CONVERSION = YES;
				CLANG_WARN_OBJC_ROOT_CLASS = YES_ERROR;
				CLANG_WARN_RANGE_LOOP_ANALYSIS = YES;
				CLANG_WARN_STRICT_PROTOTYPES = YES;
				CLANG_WARN_SUSPICIOUS_MOVE = YES;
				CLANG_WARN_UNGUARDED_AVAILABILITY = YES_AGGRESSIVE;
				CLANG_WARN_UNREACHABLE_CODE = YES;
				CLANG_WARN__DUPLICATE_METHOD_MATCH = YES;
				CODE_SIGN_IDENTITY = "iPhone Developer";
				COPY_PHASE_STRIP = NO;
				DEBUG_INFORMATION_FORMAT = "dwarf-with-dsym";
				ENABLE_NS_ASSERTIONS = NO;
				ENABLE_STRICT_OBJC_MSGSEND = YES;
				GCC_C_LANGUAGE_STANDARD = gnu11;
				GCC_NO_COMMON_BLOCKS = YES;
				GCC_WARN_64_TO_32_BIT_CONVERSION = YES;
				GCC_WARN_ABOUT_RETURN_TYPE = YES_ERROR;
				GCC_WARN_UNDECLARED_SELECTOR = YES;
				GCC_WARN_UNINITIALIZED_AUTOS = YES_AGGRESSIVE;
				GCC_WARN_UNUSED_FUNCTION = YES;
				GCC_WARN_UNUSED_VARIABLE = YES;
				IPHONEOS_DEPLOYMENT_TARGET = 11.4;
				MTL_ENABLE_DEBUG_INFO = NO;
				SDKROOT = iphoneos;
				SWIFT_COMPILATION_MODE = wholemodule;
				SWIFT_OPTIMIZATION_LEVEL = "-O";
				VALIDATE_PRODUCT = YES;
			};
			name = Release;
		};
		94C5F40022BD247B00E6C823 /* Debug */ = {
			isa = XCBuildConfiguration;
			buildSettings = {
				ASSETCATALOG_COMPILER_APPICON_NAME = AppIcon;
				CODE_SIGN_STYLE = Automatic;
				DEVELOPMENT_TEAM = FL289G482T;
				INFOPLIST_FILE = "AR Scale/Info.plist";
				LD_RUNPATH_SEARCH_PATHS = (
					"$(inherited)",
					"@executable_path/Frameworks",
				);
				PRODUCT_BUNDLE_IDENTIFIER = "com.FizaRasool.AR-Scale";
				PRODUCT_NAME = "$(TARGET_NAME)";
				SWIFT_VERSION = 4.0;
				TARGETED_DEVICE_FAMILY = "1,2";
			};
			name = Debug;
		};
		94C5F40122BD247B00E6C823 /* Release */ = {
			isa = XCBuildConfiguration;
			buildSettings = {
				ASSETCATALOG_COMPILER_APPICON_NAME = AppIcon;
				CODE_SIGN_STYLE = Automatic;
				DEVELOPMENT_TEAM = FL289G482T;
				INFOPLIST_FILE = "AR Scale/Info.plist";
				LD_RUNPATH_SEARCH_PATHS = (
					"$(inherited)",
					"@executable_path/Frameworks",
				);
				PRODUCT_BUNDLE_IDENTIFIER = "com.FizaRasool.AR-Scale";
				PRODUCT_NAME = "$(TARGET_NAME)";
				SWIFT_VERSION = 4.0;
				TARGETED_DEVICE_FAMILY = "1,2";
			};
			name = Release;
		};
/* End XCBuildConfiguration section */

/* Begin XCConfigurationList section */
		94C5F3E622BD247800E6C823 /* Build configuration list for PBXProject "AR Scale" */ = {
			isa = XCConfigurationList;
			buildConfigurations = (
				94C5F3FD22BD247B00E6C823 /* Debug */,
				94C5F3FE22BD247B00E6C823 /* Release */,
			);
			defaultConfigurationIsVisible = 0;
			defaultConfigurationName = Release;
		};
		94C5F3FF22BD247B00E6C823 /* Build configuration list for PBXNativeTarget "AR Scale" */ = {
			isa = XCConfigurationList;
			buildConfigurations = (
				94C5F40022BD247B00E6C823 /* Debug */,
				94C5F40122BD247B00E6C823 /* Release */,
			);
			defaultConfigurationIsVisible = 0;
			defaultConfigurationName = Release;
		};
/* End XCConfigurationList section */
	};
	rootObject = 94C5F3E322BD247800E6C823 /* Project object */;
}
